
Microsoft Visual Studio Solution File, Format Version 12.00
# Visual Studio Version 16
VisualStudioVersion = 16.0.29709.97
MinimumVisualStudioVersion = 10.0.40219.1
Project("{FAE04EC0-301F-11D3-BF4B-00C04F79EFBC}") = "Testlets.Core", "Testlets.Core\Testlets.Core.csproj", "{BFBAC204-206F-4C26-8B3A-275A399A8535}"
EndProject
Project("{FAE04EC0-301F-11D3-BF4B-00C04F79EFBC}") = "Testlets.Core.UnitTests", "Testlets.Core.UnitTests\Testlets.Core.UnitTests.csproj", "{B8C2F74D-88A0-4891-8B77-9689695F2998}"
EndProject
Global
	GlobalSection(SolutionConfigurationPlatforms) = preSolution
		Debug|Any CPU = Debug|Any CPU
		Release|Any CPU = Release|Any CPU
	EndGlobalSection
	GlobalSection(ProjectConfigurationPlatforms) = postSolution
		{BFBAC204-206F-4C26-8B3A-275A399A8535}.Debug|Any CPU.ActiveCfg = Debug|Any CPU
		{BFBAC204-206F-4C26-8B3A-275A399A8535}.Debug|Any CPU.Build.0 = Debug|Any CPU
		{BFBAC204-206F-4C26-8B3A-275A399A8535}.Release|Any CPU.ActiveCfg = Release|Any CPU
		{BFBAC204-206F-4C26-8B3A-275A399A8535}.Release|Any CPU.Build.0 = Release|Any CPU
		{B8C2F74D-88A0-4891-8B77-9689695F2998}.Debug|Any CPU.ActiveCfg = Debug|Any CPU
		{B8C2F74D-88A0-4891-8B77-9689695F2998}.Debug|Any CPU.Build.0 = Debug|Any CPU
		{B8C2F74D-88A0-4891-8B77-9689695F2998}.Release|Any CPU.ActiveCfg = Release|Any CPU
		{B8C2F74D-88A0-4891-8B77-9689695F2998}.Release|Any CPU.Build.0 = Release|Any CPU
	EndGlobalSection
	GlobalSection(SolutionProperties) = preSolution
		HideSolutionNode = FALSE
	EndGlobalSection
	GlobalSection(ExtensibilityGlobals) = postSolution
		SolutionGuid = {45A1999E-D515-4E1A-8272-7E2F7920C282}
	EndGlobalSection
EndGlobal
